
Microsoft Visual Studio Solution File, Format Version 12.00
# Visual Studio Version 17
VisualStudioVersion = 17.5.002.0
MinimumVisualStudioVersion = 10.0.40219.1
Project("{9A19103F-16F7-4668-BE54-9A1E7A4F7556}") = "MyNewShop", "MyNewShop.csproj", "{15744D5E-D4F8-4E5E-8864-ABE7AE0A0DB3}"
EndProject
Global
	GlobalSection(SolutionConfigurationPlatforms) = preSolution
		Debug|Any CPU = Debug|Any CPU
		Release|Any CPU = Release|Any CPU
	EndGlobalSection
	GlobalSection(ProjectConfigurationPlatforms) = postSolution
		{15744D5E-D4F8-4E5E-8864-ABE7AE0A0DB3}.Debug|Any CPU.ActiveCfg = Debug|Any CPU
		{15744D5E-D4F8-4E5E-8864-ABE7AE0A0DB3}.Debug|Any CPU.Build.0 = Debug|Any CPU
		{15744D5E-D4F8-4E5E-8864-ABE7AE0A0DB3}.Release|Any CPU.ActiveCfg = Release|Any CPU
		{15744D5E-D4F8-4E5E-8864-ABE7AE0A0DB3}.Release|Any CPU.Build.0 = Release|Any CPU
	EndGlobalSection
	GlobalSection(SolutionProperties) = preSolution
		HideSolutionNode = FALSE
	EndGlobalSection
	GlobalSection(ExtensibilityGlobals) = postSolution
		SolutionGuid = {8402CC42-8A2A-4516-B4D8-ED9889E7309B}
	EndGlobalSection
EndGlobal
